
Microsoft Visual Studio Solution File, Format Version 12.00
Project("{FAE04EC0-301F-11D3-BF4B-00C04F79EFBC}") = "JNysteen.Range", "JNysteen.Range\JNysteen.Range.csproj", "{1568A0BE-8DB8-4E77-857C-62C363E309C0}"
EndProject
Project("{FAE04EC0-301F-11D3-BF4B-00C04F79EFBC}") = "JNysteen.Range.Tests", "JNysteen.Range.Tests\JNysteen.Range.Tests.csproj", "{13D285B2-02D7-4B34-8329-3D06EB51E187}"
EndProject
Global
	GlobalSection(SolutionConfigurationPlatforms) = preSolution
		Debug|Any CPU = Debug|Any CPU
		Release|Any CPU = Release|Any CPU
	EndGlobalSection
	GlobalSection(ProjectConfigurationPlatforms) = postSolution
		{1568A0BE-8DB8-4E77-857C-62C363E309C0}.Debug|Any CPU.ActiveCfg = Debug|Any CPU
		{1568A0BE-8DB8-4E77-857C-62C363E309C0}.Debug|Any CPU.Build.0 = Debug|Any CPU
		{1568A0BE-8DB8-4E77-857C-62C363E309C0}.Release|Any CPU.ActiveCfg = Release|Any CPU
		{1568A0BE-8DB8-4E77-857C-62C363E309C0}.Release|Any CPU.Build.0 = Release|Any CPU
		{13D285B2-02D7-4B34-8329-3D06EB51E187}.Debug|Any CPU.ActiveCfg = Debug|Any CPU
		{13D285B2-02D7-4B34-8329-3D06EB51E187}.Debug|Any CPU.Build.0 = Debug|Any CPU
		{13D285B2-02D7-4B34-8329-3D06EB51E187}.Release|Any CPU.ActiveCfg = Release|Any CPU
		{13D285B2-02D7-4B34-8329-3D06EB51E187}.Release|Any CPU.Build.0 = Release|Any CPU
	EndGlobalSection
EndGlobal
